Microsoft Visual Studio Solution File, Format Version 12.00
# Visual Studio Version 17
VisualStudioVersion = 17.8.34322.80
MinimumVisualStudioVersion = 10.0.40219.1
Project("{FAE04EC0-301F-11D3-BF4B-00C04F79EFBC}") = "StockManager", "StockManager\StockManager.csproj", "{513705BF-5FCA-408A-9AA0-39D480217AFE}"
EndProject
Global
	GlobalSection(SolutionConfigurationPlatforms) = preSolution
		Debug|Any CPU = Debug|Any CPU
		Release|Any CPU = Release|Any CPU
	EndGlobalSection
	GlobalSection(ProjectConfigurationPlatforms) = postSolution
		{513705BF-5FCA-408A-9AA0-39D480217AFE}.Debug|Any CPU.ActiveCfg = Debug|Any CPU
		{513705BF-5FCA-408A-9AA0-39D480217AFE}.Debug|Any CPU.Build.0 = Debug|Any CPU
		{513705BF-5FCA-408A-9AA0-39D480217AFE}.Release|Any CPU.ActiveCfg = Release|Any CPU
		{513705BF-5FCA-408A-9AA0-39D480217AFE}.Release|Any CPU.Build.0 = Release|Any CPU
	EndGlobalSection
	GlobalSection(SolutionProperties) = preSolution
		HideSolutionNode = FALSE
	EndGlobalSection
EndGlobal
